// !$*UTF8*$!
{
	archiveVersion = 1;
	classes = {
	};
	objectVersion = 50;
	objects = {

/* Begin PBXBuildFile section */
		8F0FA33C251E02E000D144CF /* MicrophoneDelegate.swift in Sources */ = {isa = PBXBuildFile; fileRef = 8F0FA33B251E02E000D144CF /* MicrophoneDelegate.swift */; };
		8F0FA33E251E033C00D144CF /* PlayAudioDelegate.swift in Sources */ = {isa = PBXBuildFile; fileRef = 8F0FA33D251E033C00D144CF /* PlayAudioDelegate.swift */; };
		8F28B6DA22E217480042B5B1 /* Microphone.swift in Sources */ = {isa = PBXBuildFile; fileRef = 8F28B6D922E217480042B5B1 /* Microphone.swift */; };
		8F28B6DC22E350120042B5B1 /* VoiceAnimation.swift in Sources */ = {isa = PBXBuildFile; fileRef = 8F28B6DB22E350120042B5B1 /* VoiceAnimation.swift */; };
		8F28B6DE22E35EAC0042B5B1 /* Constants.swift in Sources */ = {isa = PBXBuildFile; fileRef = 8F28B6DD22E35EAC0042B5B1 /* Constants.swift */; };
		8F28B6E022E490760042B5B1 /* PulsingCircle.swift in Sources */ = {isa = PBXBuildFile; fileRef = 8F28B6DF22E490760042B5B1 /* PulsingCircle.swift */; };
		8F28B6E222E4B1420042B5B1 /* VC+Mic+Gesture.swift in Sources */ = {isa = PBXBuildFile; fileRef = 8F28B6E122E4B1420042B5B1 /* VC+Mic+Gesture.swift */; };
		8F28B6E422E5A2E30042B5B1 /* PopAnimator.swift in Sources */ = {isa = PBXBuildFile; fileRef = 8F28B6E322E5A2E30042B5B1 /* PopAnimator.swift */; };
		8F28B6E622E5A3B20042B5B1 /* VC+CustomTransition.swift in Sources */ = {isa = PBXBuildFile; fileRef = 8F28B6E522E5A3B20042B5B1 /* VC+CustomTransition.swift */; };
		8F9F3C5D22DB8B61008C3A2B /* RecVC+TVDataSource.swift in Sources */ = {isa = PBXBuildFile; fileRef = 8F9F3C5C22DB8B61008C3A2B /* RecVC+TVDataSource.swift */; };
		8F9F3C5F22DB8BB4008C3A2B /* RecVC+PlayAudio.swift in Sources */ = {isa = PBXBuildFile; fileRef = 8F9F3C5E22DB8BB4008C3A2B /* RecVC+PlayAudio.swift */; };
		8FB658CA22D9CE1F00CAD1D9 /* AppDelegate.swift in Sources */ = {isa = PBXBuildFile; fileRef = 8FB658C922D9CE1F00CAD1D9 /* AppDelegate.swift */; };
		8FB658CC22D9CE1F00CAD1D9 /* ViewController.swift in Sources */ = {isa = PBXBuildFile; fileRef = 8FB658CB22D9CE1F00CAD1D9 /* ViewController.swift */; };
		8FB658CF22D9CE1F00CAD1D9 /* Main.storyboard in Resources */ = {isa = PBXBuildFile; fileRef = 8FB658CD22D9CE1F00CAD1D9 /* Main.storyboard */; };
		8FB658D122D9CE2100CAD1D9 /* Assets.xcassets in Resources */ = {isa = PBXBuildFile; fileRef = 8FB658D022D9CE2100CAD1D9 /* Assets.xcassets */; };
		8FB658D422D9CE2100CAD1D9 /* LaunchScreen.storyboard in Resources */ = {isa = PBXBuildFile; fileRef = 8FB658D222D9CE2100CAD1D9 /* LaunchScreen.storyboard */; };
		8FB658DD22D9D3E900CAD1D9 /* Helpers.swift in Sources */ = {isa = PBXBuildFile; fileRef = 8FB658DC22D9D3E900CAD1D9 /* Helpers.swift */; };
		8FB658DF22DA0F8900CAD1D9 /* RecordingsViewController.swift in Sources */ = {isa = PBXBuildFile; fileRef = 8FB658DE22DA0F8900CAD1D9 /* RecordingsViewController.swift */; };
		8FB658E122DA308D00CAD1D9 /* RecordingsTableViewCell.swift in Sources */ = {isa = PBXBuildFile; fileRef = 8FB658E022DA308D00CAD1D9 /* RecordingsTableViewCell.swift */; };
		8FB658E322DA418000CAD1D9 /* Model.swift in Sources */ = {isa = PBXBuildFile; fileRef = 8FB658E222DA418000CAD1D9 /* Model.swift */; };
		D80F3E86260951640086BEBA /* AudioSessionTests.swift in Sources */ = {isa = PBXBuildFile; fileRef = D80F3E85260951640086BEBA /* AudioSessionTests.swift */; };
		D8A9F0922609436F00FD8969 /* Engine.framework in Frameworks */ = {isa = PBXBuildFile; fileRef = D8A9F0892609436F00FD8969 /* Engine.framework */; };
		D8EFB9F8260A88F200D73F81 /* AudioRecorderTests.swift in Sources */ = {isa = PBXBuildFile; fileRef = D8EFB9F7260A88F200D73F81 /* AudioRecorderTests.swift */; };
/* End PBXBuildFile section */

/* Begin PBXContainerItemProxy section */
		D80F3E88260951650086BEBA /* PBXContainerItemProxy */ = {
			isa = PBXContainerItemProxy;
			containerPortal = 8FB658BE22D9CE1F00CAD1D9 /* Project object */;
			proxyType = 1;
			remoteGlobalIDString = 8FB658C522D9CE1F00CAD1D9;
			remoteInfo = AudioRecorder;
		};
		D8A9F0932609436F00FD8969 /* PBXContainerItemProxy */ = {
			isa = PBXContainerItemProxy;
			containerPortal = 8FB658BE22D9CE1F00CAD1D9 /* Project object */;
			proxyType = 1;
			remoteGlobalIDString = D8A9F0882609436F00FD8969;
			remoteInfo = Engine;
		};
/* End PBXContainerItemProxy section */

/* Begin PBXFileReference section */
		8F0FA33B251E02E000D144CF /* MicrophoneDelegate.swift */ = {isa = PBXFileReference; lastKnownFileType = sourcecode.swift; path = MicrophoneDelegate.swift; sourceTree = "<group>"; };
		8F0FA33D251E033C00D144CF /* PlayAudioDelegate.swift */ = {isa = PBXFileReference; lastKnownFileType = sourcecode.swift; path = PlayAudioDelegate.swift; sourceTree = "<group>"; };
		8F28B6D922E217480042B5B1 /* Microphone.swift */ = {isa = PBXFileReference; fileEncoding = 4; lastKnownFileType = sourcecode.swift; path = Microphone.swift; sourceTree = "<group>"; };
		8F28B6DB22E350120042B5B1 /* VoiceAnimation.swift */ = {isa = PBXFileReference; lastKnownFileType = sourcecode.swift; path = VoiceAnimation.swift; sourceTree = "<group>"; };
		8F28B6DD22E35EAC0042B5B1 /* Constants.swift */ = {isa = PBXFileReference; lastKnownFileType = sourcecode.swift; path = Constants.swift; sourceTree = "<group>"; };
		8F28B6DF22E490760042B5B1 /* PulsingCircle.swift */ = {isa = PBXFileReference; lastKnownFileType = sourcecode.swift; path = PulsingCircle.swift; sourceTree = "<group>"; };
		8F28B6E122E4B1420042B5B1 /* VC+Mic+Gesture.swift */ = {isa = PBXFileReference; lastKnownFileType = sourcecode.swift; path = "VC+Mic+Gesture.swift"; sourceTree = "<group>"; };
		8F28B6E322E5A2E30042B5B1 /* PopAnimator.swift */ = {isa = PBXFileReference; lastKnownFileType = sourcecode.swift; path = PopAnimator.swift; sourceTree = "<group>"; };
		8F28B6E522E5A3B20042B5B1 /* VC+CustomTransition.swift */ = {isa = PBXFileReference; lastKnownFileType = sourcecode.swift; path = "VC+CustomTransition.swift"; sourceTree = "<group>"; };
		8F9F3C5C22DB8B61008C3A2B /* RecVC+TVDataSource.swift */ = {isa = PBXFileReference; lastKnownFileType = sourcecode.swift; path = "RecVC+TVDataSource.swift"; sourceTree = "<group>"; };
		8F9F3C5E22DB8BB4008C3A2B /* RecVC+PlayAudio.swift */ = {isa = PBXFileReference; lastKnownFileType = sourcecode.swift; path = "RecVC+PlayAudio.swift"; sourceTree = "<group>"; };
		8FB658C622D9CE1F00CAD1D9 /* AudioRecorder.app */ = {isa = PBXFileReference; explicitFileType = wrapper.application; includeInIndex = 0; path = AudioRecorder.app; sourceTree = BUILT_PRODUCTS_DIR; };
		8FB658C922D9CE1F00CAD1D9 /* AppDelegate.swift */ = {isa = PBXFileReference; lastKnownFileType = sourcecode.swift; path = AppDelegate.swift; sourceTree = "<group>"; };
		8FB658CB22D9CE1F00CAD1D9 /* ViewController.swift */ = {isa = PBXFileReference; lastKnownFileType = sourcecode.swift; path = ViewController.swift; sourceTree = "<group>"; };
		8FB658CE22D9CE1F00CAD1D9 /* Base */ = {isa = PBXFileReference; lastKnownFileType = file.storyboard; name = Base; path = Base.lproj/Main.storyboard; sourceTree = "<group>"; };
		8FB658D022D9CE2100CAD1D9 /* Assets.xcassets */ = {isa = PBXFileReference; lastKnownFileType = folder.assetcatalog; path = Assets.xcassets; sourceTree = "<group>"; };
		8FB658D322D9CE2100CAD1D9 /* Base */ = {isa = PBXFileReference; lastKnownFileType = file.storyboard; name = Base; path = Base.lproj/LaunchScreen.storyboard; sourceTree = "<group>"; };
		8FB658D522D9CE2100CAD1D9 /* Info.plist */ = {isa = PBXFileReference; lastKnownFileType = text.plist.xml; path = Info.plist; sourceTree = "<group>"; };
		8FB658DC22D9D3E900CAD1D9 /* Helpers.swift */ = {isa = PBXFileReference; lastKnownFileType = sourcecode.swift; path = Helpers.swift; sourceTree = "<group>"; };
		8FB658DE22DA0F8900CAD1D9 /* RecordingsViewController.swift */ = {isa = PBXFileReference; lastKnownFileType = sourcecode.swift; path = RecordingsViewController.swift; sourceTree = "<group>"; };
		8FB658E022DA308D00CAD1D9 /* RecordingsTableViewCell.swift */ = {isa = PBXFileReference; lastKnownFileType = sourcecode.swift; path = RecordingsTableViewCell.swift; sourceTree = "<group>"; };
		8FB658E222DA418000CAD1D9 /* Model.swift */ = {isa = PBXFileReference; lastKnownFileType = sourcecode.swift; path = Model.swift; sourceTree = "<group>"; };
		D80F3E83260951640086BEBA /* AudioRecorderTests.xctest */ = {isa = PBXFileReference; explicitFileType = wrapper.cfbundle; includeInIndex = 0; path = AudioRecorderTests.xctest; sourceTree = BUILT_PRODUCTS_DIR; };
		D80F3E85260951640086BEBA /* AudioSessionTests.swift */ = {isa = PBXFileReference; lastKnownFileType = sourcecode.swift; path = AudioSessionTests.swift; sourceTree = "<group>"; };
		D80F3E87260951650086BEBA /* Info.plist */ = {isa = PBXFileReference; lastKnownFileType = text.plist.xml; path = Info.plist; sourceTree = "<group>"; };
		D8A9F0892609436F00FD8969 /* Engine.framework */ = {isa = PBXFileReference; explicitFileType = wrapper.framework; includeInIndex = 0; path = Engine.framework; sourceTree = BUILT_PRODUCTS_DIR; };
		D8A9F08C2609436F00FD8969 /* Info.plist */ = {isa = PBXFileReference; lastKnownFileType = text.plist.xml; path = Info.plist; sourceTree = "<group>"; };
		D8A9F0912609436F00FD8969 /* EngineTests.xctest */ = {isa = PBXFileReference; explicitFileType = wrapper.cfbundle; includeInIndex = 0; path = EngineTests.xctest; sourceTree = BUILT_PRODUCTS_DIR; };
		D8A9F0982609436F00FD8969 /* Info.plist */ = {isa = PBXFileReference; lastKnownFileType = text.plist.xml; path = Info.plist; sourceTree = "<group>"; };
		D8EFB9F7260A88F200D73F81 /* AudioRecorderTests.swift */ = {isa = PBXFileReference; lastKnownFileType = sourcecode.swift; path = AudioRecorderTests.swift; sourceTree = "<group>"; };
/* End PBXFileReference section */

/* Begin PBXFrameworksBuildPhase section */
		8FB658C322D9CE1F00CAD1D9 /* Frameworks */ = {
			isa = PBXFrameworksBuildPhase;
			buildActionMask = 2147483647;
			files = (
			);
			runOnlyForDeploymentPostprocessing = 0;
		};
		D80F3E80260951640086BEBA /* Frameworks */ = {
			isa = PBXFrameworksBuildPhase;
			buildActionMask = 2147483647;
			files = (
			);
			runOnlyForDeploymentPostprocessing = 0;
		};
		D8A9F0862609436F00FD8969 /* Frameworks */ = {
			isa = PBXFrameworksBuildPhase;
			buildActionMask = 2147483647;
			files = (
			);
			runOnlyForDeploymentPostprocessing = 0;
		};
		D8A9F08E2609436F00FD8969 /* Frameworks */ = {
			isa = PBXFrameworksBuildPhase;
			buildActionMask = 2147483647;
			files = (
				D8A9F0922609436F00FD8969 /* Engine.framework in Frameworks */,
			);
			runOnlyForDeploymentPostprocessing = 0;
		};
/* End PBXFrameworksBuildPhase section */

/* Begin PBXGroup section */
		8F9F3C5522DB5D83008C3A2B /* Model */ = {
			isa = PBXGroup;
			children = (
				8FB658E222DA418000CAD1D9 /* Model.swift */,
			);
			path = Model;
			sourceTree = "<group>";
		};
		8F9F3C5622DB5D8A008C3A2B /* View */ = {
			isa = PBXGroup;
			children = (
				8FB658D222D9CE2100CAD1D9 /* LaunchScreen.storyboard */,
				8FB658CD22D9CE1F00CAD1D9 /* Main.storyboard */,
				8FB658E022DA308D00CAD1D9 /* RecordingsTableViewCell.swift */,
			);
			path = View;
			sourceTree = "<group>";
		};
		8F9F3C5822DB5D9B008C3A2B /* Controller */ = {
			isa = PBXGroup;
			children = (
				8FB658CB22D9CE1F00CAD1D9 /* ViewController.swift */,
				8F28B6E522E5A3B20042B5B1 /* VC+CustomTransition.swift */,
				8F28B6E122E4B1420042B5B1 /* VC+Mic+Gesture.swift */,
				8FB658DE22DA0F8900CAD1D9 /* RecordingsViewController.swift */,
				8F9F3C5C22DB8B61008C3A2B /* RecVC+TVDataSource.swift */,
				8F9F3C5E22DB8BB4008C3A2B /* RecVC+PlayAudio.swift */,
			);
			path = Controller;
			sourceTree = "<group>";
		};
		8F9F3C5922DB5DB6008C3A2B /* Supporting Files */ = {
			isa = PBXGroup;
			children = (
				8FB658C922D9CE1F00CAD1D9 /* AppDelegate.swift */,
				8FB658DC22D9D3E900CAD1D9 /* Helpers.swift */,
				8F28B6DD22E35EAC0042B5B1 /* Constants.swift */,
			);
			path = "Supporting Files";
			sourceTree = "<group>";
		};
		8FB0882C22DC6E3E00EAE34D /* ModelView */ = {
			isa = PBXGroup;
			children = (
				8F28B6D922E217480042B5B1 /* Microphone.swift */,
				8F28B6DB22E350120042B5B1 /* VoiceAnimation.swift */,
				8F28B6DF22E490760042B5B1 /* PulsingCircle.swift */,
				8F28B6E322E5A2E30042B5B1 /* PopAnimator.swift */,
				8F0FA33B251E02E000D144CF /* MicrophoneDelegate.swift */,
				8F0FA33D251E033C00D144CF /* PlayAudioDelegate.swift */,
			);
			path = ModelView;
			sourceTree = "<group>";
		};
		8FB658BD22D9CE1F00CAD1D9 = {
			isa = PBXGroup;
			children = (
				8FB658C822D9CE1F00CAD1D9 /* AudioRecorder */,
				D80F3E84260951640086BEBA /* AudioRecorderTests */,
				D8A9F08A2609436F00FD8969 /* Engine */,
				D8A9F0952609436F00FD8969 /* EngineTests */,
				8FB658C722D9CE1F00CAD1D9 /* Products */,
			);
			sourceTree = "<group>";
		};
		8FB658C722D9CE1F00CAD1D9 /* Products */ = {
			isa = PBXGroup;
			children = (
				8FB658C622D9CE1F00CAD1D9 /* AudioRecorder.app */,
				D8A9F0892609436F00FD8969 /* Engine.framework */,
				D8A9F0912609436F00FD8969 /* EngineTests.xctest */,
				D80F3E83260951640086BEBA /* AudioRecorderTests.xctest */,
			);
			name = Products;
			sourceTree = "<group>";
		};
		8FB658C822D9CE1F00CAD1D9 /* AudioRecorder */ = {
			isa = PBXGroup;
			children = (
				8F9F3C5522DB5D83008C3A2B /* Model */,
				8FB0882C22DC6E3E00EAE34D /* ModelView */,
				8F9F3C5622DB5D8A008C3A2B /* View */,
				8F9F3C5822DB5D9B008C3A2B /* Controller */,
				8F9F3C5922DB5DB6008C3A2B /* Supporting Files */,
				8FB658D022D9CE2100CAD1D9 /* Assets.xcassets */,
				8FB658D522D9CE2100CAD1D9 /* Info.plist */,
			);
			path = AudioRecorder;
			sourceTree = "<group>";
		};
		D80F3E84260951640086BEBA /* AudioRecorderTests */ = {
			isa = PBXGroup;
			children = (
				D80F3E85260951640086BEBA /* AudioSessionTests.swift */,
				D80F3E87260951650086BEBA /* Info.plist */,
				D8EFB9F7260A88F200D73F81 /* AudioRecorderTests.swift */,
			);
			path = AudioRecorderTests;
			sourceTree = "<group>";
		};
		D8A9F08A2609436F00FD8969 /* Engine */ = {
			isa = PBXGroup;
			children = (
				D8A9F08C2609436F00FD8969 /* Info.plist */,
			);
			path = Engine;
			sourceTree = "<group>";
		};
		D8A9F0952609436F00FD8969 /* EngineTests */ = {
			isa = PBXGroup;
			children = (
				D8A9F0982609436F00FD8969 /* Info.plist */,
			);
			path = EngineTests;
			sourceTree = "<group>";
		};
/* End PBXGroup section */

/* Begin PBXHeadersBuildPhase section */
		D8A9F0842609436F00FD8969 /* Headers */ = {
			isa = PBXHeadersBuildPhase;
			buildActionMask = 2147483647;
			files = (
			);
			runOnlyForDeploymentPostprocessing = 0;
		};
/* End PBXHeadersBuildPhase section */

/* Begin PBXNativeTarget section */
		8FB658C522D9CE1F00CAD1D9 /* AudioRecorder */ = {
			isa = PBXNativeTarget;
			buildConfigurationList = 8FB658D822D9CE2100CAD1D9 /* Build configuration list for PBXNativeTarget "AudioRecorder" */;
			buildPhases = (
				8FB658C222D9CE1F00CAD1D9 /* Sources */,
				8FB658C322D9CE1F00CAD1D9 /* Frameworks */,
				8FB658C422D9CE1F00CAD1D9 /* Resources */,
			);
			buildRules = (
			);
			dependencies = (
			);
			name = AudioRecorder;
			productName = AudioRecorder;
			productReference = 8FB658C622D9CE1F00CAD1D9 /* AudioRecorder.app */;
			productType = "com.apple.product-type.application";
		};
		D80F3E82260951640086BEBA /* AudioRecorderTests */ = {
			isa = PBXNativeTarget;
			buildConfigurationList = D80F3E8A260951650086BEBA /* Build configuration list for PBXNativeTarget "AudioRecorderTests" */;
			buildPhases = (
				D80F3E7F260951640086BEBA /* Sources */,
				D80F3E80260951640086BEBA /* Frameworks */,
				D80F3E81260951640086BEBA /* Resources */,
			);
			buildRules = (
			);
			dependencies = (
				D80F3E89260951650086BEBA /* PBXTargetDependency */,
			);
			name = AudioRecorderTests;
			productName = AudioRecorderTests;
			productReference = D80F3E83260951640086BEBA /* AudioRecorderTests.xctest */;
			productType = "com.apple.product-type.bundle.unit-test";
		};
		D8A9F0882609436F00FD8969 /* Engine */ = {
			isa = PBXNativeTarget;
			buildConfigurationList = D8A9F09A2609436F00FD8969 /* Build configuration list for PBXNativeTarget "Engine" */;
			buildPhases = (
				D8A9F0842609436F00FD8969 /* Headers */,
				D8A9F0852609436F00FD8969 /* Sources */,
				D8A9F0862609436F00FD8969 /* Frameworks */,
				D8A9F0872609436F00FD8969 /* Resources */,
			);
			buildRules = (
			);
			dependencies = (
			);
			name = Engine;
			productName = Engine;
			productReference = D8A9F0892609436F00FD8969 /* Engine.framework */;
			productType = "com.apple.product-type.framework";
		};
		D8A9F0902609436F00FD8969 /* EngineTests */ = {
			isa = PBXNativeTarget;
			buildConfigurationList = D8A9F09D2609436F00FD8969 /* Build configuration list for PBXNativeTarget "EngineTests" */;
			buildPhases = (
				D8A9F08D2609436F00FD8969 /* Sources */,
				D8A9F08E2609436F00FD8969 /* Frameworks */,
				D8A9F08F2609436F00FD8969 /* Resources */,
			);
			buildRules = (
			);
			dependencies = (
				D8A9F0942609436F00FD8969 /* PBXTargetDependency */,
			);
			name = EngineTests;
			productName = EngineTests;
			productReference = D8A9F0912609436F00FD8969 /* EngineTests.xctest */;
			productType = "com.apple.product-type.bundle.unit-test";
		};
/* End PBXNativeTarget section */

/* Begin PBXProject section */
		8FB658BE22D9CE1F00CAD1D9 /* Project object */ = {
			isa = PBXProject;
			attributes = {
				LastSwiftUpdateCheck = 1220;
				LastUpgradeCheck = 1220;
				ORGANIZATIONNAME = "Vinicius Leal";
				TargetAttributes = {
					8FB658C522D9CE1F00CAD1D9 = {
						CreatedOnToolsVersion = 10.2.1;
					};
					D80F3E82260951640086BEBA = {
						CreatedOnToolsVersion = 12.2;
						TestTargetID = 8FB658C522D9CE1F00CAD1D9;
					};
					D8A9F0882609436F00FD8969 = {
						CreatedOnToolsVersion = 12.2;
					};
					D8A9F0902609436F00FD8969 = {
						CreatedOnToolsVersion = 12.2;
						LastSwiftMigration = 1220;
					};
				};
			};
			buildConfigurationList = 8FB658C122D9CE1F00CAD1D9 /* Build configuration list for PBXProject "AudioRecorder" */;
			compatibilityVersion = "Xcode 9.3";
			developmentRegion = en;
			hasScannedForEncodings = 0;
			knownRegions = (
				en,
				Base,
			);
			mainGroup = 8FB658BD22D9CE1F00CAD1D9;
			productRefGroup = 8FB658C722D9CE1F00CAD1D9 /* Products */;
			projectDirPath = "";
			projectRoot = "";
			targets = (
				8FB658C522D9CE1F00CAD1D9 /* AudioRecorder */,
				D8A9F0882609436F00FD8969 /* Engine */,
				D8A9F0902609436F00FD8969 /* EngineTests */,
				D80F3E82260951640086BEBA /* AudioRecorderTests */,
			);
		};
/* End PBXProject section */

/* Begin PBXResourcesBuildPhase section */
		8FB658C422D9CE1F00CAD1D9 /* Resources */ = {
			isa = PBXResourcesBuildPhase;
			buildActionMask = 2147483647;
			files = (
				8FB658D422D9CE2100CAD1D9 /* LaunchScreen.storyboard in Resources */,
				8FB658D122D9CE2100CAD1D9 /* Assets.xcassets in Resources */,
				8FB658CF22D9CE1F00CAD1D9 /* Main.storyboard in Resources */,
			);
			runOnlyForDeploymentPostprocessing = 0;
		};
		D80F3E81260951640086BEBA /* Resources */ = {
			isa = PBXResourcesBuildPhase;
			buildActionMask = 2147483647;
			files = (
			);
			runOnlyForDeploymentPostprocessing = 0;
		};
		D8A9F0872609436F00FD8969 /* Resources */ = {
			isa = PBXResourcesBuildPhase;
			buildActionMask = 2147483647;
			files = (
			);
			runOnlyForDeploymentPostprocessing = 0;
		};
		D8A9F08F2609436F00FD8969 /* Resources */ = {
			isa = PBXResourcesBuildPhase;
			buildActionMask = 2147483647;
			files = (
			);
			runOnlyForDeploymentPostprocessing = 0;
		};
/* End PBXResourcesBuildPhase section */

/* Begin PBXSourcesBuildPhase section */
		8FB658C222D9CE1F00CAD1D9 /* Sources */ = {
			isa = PBXSourcesBuildPhase;
			buildActionMask = 2147483647;
			files = (
				8F28B6E422E5A2E30042B5B1 /* PopAnimator.swift in Sources */,
				8F9F3C5F22DB8BB4008C3A2B /* RecVC+PlayAudio.swift in Sources */,
				8F0FA33C251E02E000D144CF /* MicrophoneDelegate.swift in Sources */,
				8F28B6DE22E35EAC0042B5B1 /* Constants.swift in Sources */,
				8F28B6E022E490760042B5B1 /* PulsingCircle.swift in Sources */,
				8F0FA33E251E033C00D144CF /* PlayAudioDelegate.swift in Sources */,
				8FB658DF22DA0F8900CAD1D9 /* RecordingsViewController.swift in Sources */,
				8FB658CC22D9CE1F00CAD1D9 /* ViewController.swift in Sources */,
				8FB658DD22D9D3E900CAD1D9 /* Helpers.swift in Sources */,
				8F28B6E222E4B1420042B5B1 /* VC+Mic+Gesture.swift in Sources */,
				8FB658E322DA418000CAD1D9 /* Model.swift in Sources */,
				8FB658E122DA308D00CAD1D9 /* RecordingsTableViewCell.swift in Sources */,
				8F9F3C5D22DB8B61008C3A2B /* RecVC+TVDataSource.swift in Sources */,
				8FB658CA22D9CE1F00CAD1D9 /* AppDelegate.swift in Sources */,
				8F28B6E622E5A3B20042B5B1 /* VC+CustomTransition.swift in Sources */,
				8F28B6DA22E217480042B5B1 /* Microphone.swift in Sources */,
				8F28B6DC22E350120042B5B1 /* VoiceAnimation.swift in Sources */,
			);
			runOnlyForDeploymentPostprocessing = 0;
		};
		D80F3E7F260951640086BEBA /* Sources */ = {
			isa = PBXSourcesBuildPhase;
			buildActionMask = 2147483647;
			files = (
				D80F3E86260951640086BEBA /* AudioSessionTests.swift in Sources */,
				D8EFB9F8260A88F200D73F81 /* AudioRecorderTests.swift in Sources */,
			);
			runOnlyForDeploymentPostprocessing = 0;
		};
		D8A9F0852609436F00FD8969 /* Sources */ = {
			isa = PBXSourcesBuildPhase;
			buildActionMask = 2147483647;
			files = (
			);
			runOnlyForDeploymentPostprocessing = 0;
		};
		D8A9F08D2609436F00FD8969 /* Sources */ = {
			isa = PBXSourcesBuildPhase;
			buildActionMask = 2147483647;
			files = (
			);
			runOnlyForDeploymentPostprocessing = 0;
		};
/* End PBXSourcesBuildPhase section */

/* Begin PBXTargetDependency section */
		D80F3E89260951650086BEBA /* PBXTargetDependency */ = {
			isa = PBXTargetDependency;
			target = 8FB658C522D9CE1F00CAD1D9 /* AudioRecorder */;
			targetProxy = D80F3E88260951650086BEBA /* PBXContainerItemProxy */;
		};
		D8A9F0942609436F00FD8969 /* PBXTargetDependency */ = {
			isa = PBXTargetDependency;
			target = D8A9F0882609436F00FD8969 /* Engine */;
			targetProxy = D8A9F0932609436F00FD8969 /* PBXContainerItemProxy */;
		};
/* End PBXTargetDependency section */

/* Begin PBXVariantGroup section */
		8FB658CD22D9CE1F00CAD1D9 /* Main.storyboard */ = {
			isa = PBXVariantGroup;
			children = (
				8FB658CE22D9CE1F00CAD1D9 /* Base */,
			);
			name = Main.storyboard;
			sourceTree = "<group>";
		};
		8FB658D222D9CE2100CAD1D9 /* LaunchScreen.storyboard */ = {
			isa = PBXVariantGroup;
			children = (
				8FB658D322D9CE2100CAD1D9 /* Base */,
			);
			name = LaunchScreen.storyboard;
			sourceTree = "<group>";
		};
/* End PBXVariantGroup section */

/* Begin XCBuildConfiguration section */
		8FB658D622D9CE2100CAD1D9 /* Debug */ = {
			isa = XCBuildConfiguration;
			buildSettings = {
				ALWAYS_SEARCH_USER_PATHS = NO;
				CLANG_ANALYZER_NONNULL = YES;
				CLANG_ANALYZER_NUMBER_OBJECT_CONVERSION = YES_AGGRESSIVE;
				CLANG_CXX_LANGUAGE_STANDARD = "gnu++14";
				CLANG_CXX_LIBRARY = "libc++";
				CLANG_ENABLE_MODULES = YES;
				CLANG_ENABLE_OBJC_ARC = YES;
				CLANG_ENABLE_OBJC_WEAK = YES;
				CLANG_WARN_BLOCK_CAPTURE_AUTORELEASING = YES;
				CLANG_WARN_BOOL_CONVERSION = YES;
				CLANG_WARN_COMMA = YES;
				CLANG_WARN_CONSTANT_CONVERSION = YES;
				CLANG_WARN_DEPRECATED_OBJC_IMPLEMENTATIONS = YES;
				CLANG_WARN_DIRECT_OBJC_ISA_USAGE = YES_ERROR;
				CLANG_WARN_DOCUMENTATION_COMMENTS = YES;
				CLANG_WARN_EMPTY_BODY = YES;
				CLANG_WARN_ENUM_CONVERSION = YES;
				CLANG_WARN_INFINITE_RECURSION = YES;
				CLANG_WARN_INT_CONVERSION = YES;
				CLANG_WARN_NON_LITERAL_NULL_CONVERSION = YES;
				CLANG_WARN_OBJC_IMPLICIT_RETAIN_SELF = YES;
				CLANG_WARN_OBJC_LITERAL_CONVERSION = YES;
				CLANG_WARN_OBJC_ROOT_CLASS = YES_ERROR;
				CLANG_WARN_QUOTED_INCLUDE_IN_FRAMEWORK_HEADER = YES;
				CLANG_WARN_RANGE_LOOP_ANALYSIS = YES;
				CLANG_WARN_STRICT_PROTOTYPES = YES;
				CLANG_WARN_SUSPICIOUS_MOVE = YES;
				CLANG_WARN_UNGUARDED_AVAILABILITY = YES_AGGRESSIVE;
				CLANG_WARN_UNREACHABLE_CODE = YES;
				CLANG_WARN__DUPLICATE_METHOD_MATCH = YES;
				CODE_SIGN_IDENTITY = "iPhone Developer";
				COPY_PHASE_STRIP = NO;
				DEBUG_INFORMATION_FORMAT = dwarf;
				ENABLE_STRICT_OBJC_MSGSEND = YES;
				ENABLE_TESTABILITY = YES;
				GCC_C_LANGUAGE_STANDARD = gnu11;
				GCC_DYNAMIC_NO_PIC = NO;
				GCC_NO_COMMON_BLOCKS = YES;
				GCC_OPTIMIZATION_LEVEL = 0;
				GCC_PREPROCESSOR_DEFINITIONS = (
					"DEBUG=1",
					"$(inherited)",
				);
				GCC_WARN_64_TO_32_BIT_CONVERSION = YES;
				GCC_WARN_ABOUT_RETURN_TYPE = YES_ERROR;
				GCC_WARN_UNDECLARED_SELECTOR = YES;
				GCC_WARN_UNINITIALIZED_AUTOS = YES_AGGRESSIVE;
				GCC_WARN_UNUSED_FUNCTION = YES;
				GCC_WARN_UNUSED_VARIABLE = YES;
				IPHONEOS_DEPLOYMENT_TARGET = 13.1;
				MTL_ENABLE_DEBUG_INFO = INCLUDE_SOURCE;
				MTL_FAST_MATH = YES;
				ONLY_ACTIVE_ARCH = YES;
				SDKROOT = iphoneos;
				SWIFT_ACTIVE_COMPILATION_CONDITIONS = DEBUG;
				SWIFT_OPTIMIZATION_LEVEL = "-Onone";
			};
			name = Debug;
		};
		8FB658D722D9CE2100CAD1D9 /* Release */ = {
			isa = XCBuildConfiguration;
			buildSettings = {
				ALWAYS_SEARCH_USER_PATHS = NO;
				CLANG_ANALYZER_NONNULL = YES;
				CLANG_ANALYZER_NUMBER_OBJECT_CONVERSION = YES_AGGRESSIVE;
				CLANG_CXX_LANGUAGE_STANDARD = "gnu++14";
				CLANG_CXX_LIBRARY = "libc++";
				CLANG_ENABLE_MODULES = YES;
				CLANG_ENABLE_OBJC_ARC = YES;
				CLANG_ENABLE_OBJC_WEAK = YES;
				CLANG_WARN_BLOCK_CAPTURE_AUTORELEASING = YES;
				CLANG_WARN_BOOL_CONVERSION = YES;
				CLANG_WARN_COMMA = YES;
				CLANG_WARN_CONSTANT_CONVERSION = YES;
				CLANG_WARN_DEPRECATED_OBJC_IMPLEMENTATIONS = YES;
				CLANG_WARN_DIRECT_OBJC_ISA_USAGE = YES_ERROR;
				CLANG_WARN_DOCUMENTATION_COMMENTS = YES;
				CLANG_WARN_EMPTY_BODY = YES;
				CLANG_WARN_ENUM_CONVERSION = YES;
				CLANG_WARN_INFINITE_RECURSION = YES;
				CLANG_WARN_INT_CONVERSION = YES;
				CLANG_WARN_NON_LITERAL_NULL_CONVERSION = YES;
				CLANG_WARN_OBJC_IMPLICIT_RETAIN_SELF = YES;
				CLANG_WARN_OBJC_LITERAL_CONVERSION = YES;
				CLANG_WARN_OBJC_ROOT_CLASS = YES_ERROR;
				CLANG_WARN_QUOTED_INCLUDE_IN_FRAMEWORK_HEADER = YES;
				CLANG_WARN_RANGE_LOOP_ANALYSIS = YES;
				CLANG_WARN_STRICT_PROTOTYPES = YES;
				CLANG_WARN_SUSPICIOUS_MOVE = YES;
				CLANG_WARN_UNGUARDED_AVAILABILITY = YES_AGGRESSIVE;
				CLANG_WARN_UNREACHABLE_CODE = YES;
				CLANG_WARN__DUPLICATE_METHOD_MATCH = YES;
				CODE_SIGN_IDENTITY = "iPhone Developer";
				COPY_PHASE_STRIP = NO;
				DEBUG_INFORMATION_FORMAT = "dwarf-with-dsym";
				ENABLE_NS_ASSERTIONS = NO;
				ENABLE_STRICT_OBJC_MSGSEND = YES;
				GCC_C_LANGUAGE_STANDARD = gnu11;
				GCC_NO_COMMON_BLOCKS = YES;
				GCC_WARN_64_TO_32_BIT_CONVERSION = YES;
				GCC_WARN_ABOUT_RETURN_TYPE = YES_ERROR;
				GCC_WARN_UNDECLARED_SELECTOR = YES;
				GCC_WARN_UNINITIALIZED_AUTOS = YES_AGGRESSIVE;
				GCC_WARN_UNUSED_FUNCTION = YES;
				GCC_WARN_UNUSED_VARIABLE = YES;
				IPHONEOS_DEPLOYMENT_TARGET = 13.1;
				MTL_ENABLE_DEBUG_INFO = NO;
				MTL_FAST_MATH = YES;
				SDKROOT = iphoneos;
				SWIFT_COMPILATION_MODE = wholemodule;
				SWIFT_OPTIMIZATION_LEVEL = "-O";
				VALIDATE_PRODUCT = YES;
			};
			name = Release;
		};
		8FB658D922D9CE2100CAD1D9 /* Debug */ = {
			isa = XCBuildConfiguration;
			buildSettings = {
				ASSETCATALOG_COMPILER_APPICON_NAME = AppIcon;
				CODE_SIGN_STYLE = Automatic;
				DEVELOPMENT_TEAM = 3SNY4A7B39;
				INFOPLIST_FILE = AudioRecorder/Info.plist;
				LD_RUNPATH_SEARCH_PATHS = (
					"$(inherited)",
					"@executable_path/Frameworks",
				);
				PRODUCT_BUNDLE_IDENTIFIER = com.viniciusLeal;
				PRODUCT_NAME = "$(TARGET_NAME)";
				SWIFT_VERSION = 5.0;
				TARGETED_DEVICE_FAMILY = "1,2";
			};
			name = Debug;
		};
		8FB658DA22D9CE2100CAD1D9 /* Release */ = {
			isa = XCBuildConfiguration;
			buildSettings = {
				ASSETCATALOG_COMPILER_APPICON_NAME = AppIcon;
				CODE_SIGN_STYLE = Automatic;
				DEVELOPMENT_TEAM = 3SNY4A7B39;
				INFOPLIST_FILE = AudioRecorder/Info.plist;
				LD_RUNPATH_SEARCH_PATHS = (
					"$(inherited)",
					"@executable_path/Frameworks",
				);
				PRODUCT_BUNDLE_IDENTIFIER = com.viniciusLeal;
				PRODUCT_NAME = "$(TARGET_NAME)";
				SWIFT_VERSION = 5.0;
				TARGETED_DEVICE_FAMILY = "1,2";
			};
			name = Release;
		};
		D80F3E8B260951650086BEBA /* Debug */ = {
			isa = XCBuildConfiguration;
			buildSettings = {
				BUNDLE_LOADER = "$(TEST_HOST)";
				CODE_SIGN_STYLE = Automatic;
				DEVELOPMENT_TEAM = 3SNY4A7B39;
				INFOPLIST_FILE = AudioRecorderTests/Info.plist;
				IPHONEOS_DEPLOYMENT_TARGET = 14.2;
				LD_RUNPATH_SEARCH_PATHS = (
					"$(inherited)",
					"@executable_path/Frameworks",
					"@loader_path/Frameworks",
				);
				PRODUCT_BUNDLE_IDENTIFIER = com.viniciusLeal.AudioRecorderTests;
				PRODUCT_NAME = "$(TARGET_NAME)";
				SWIFT_VERSION = 5.0;
				TARGETED_DEVICE_FAMILY = "1,2";
				TEST_HOST = "$(BUILT_PRODUCTS_DIR)/AudioRecorder.app/AudioRecorder";
			};
			name = Debug;
		};
		D80F3E8C260951650086BEBA /* Release */ = {
			isa = XCBuildConfiguration;
			buildSettings = {
				BUNDLE_LOADER = "$(TEST_HOST)";
				CODE_SIGN_STYLE = Automatic;
				DEVELOPMENT_TEAM = 3SNY4A7B39;
				INFOPLIST_FILE = AudioRecorderTests/Info.plist;
				IPHONEOS_DEPLOYMENT_TARGET = 14.2;
				LD_RUNPATH_SEARCH_PATHS = (
					"$(inherited)",
					"@executable_path/Frameworks",
					"@loader_path/Frameworks",
				);
				PRODUCT_BUNDLE_IDENTIFIER = com.viniciusLeal.AudioRecorderTests;
				PRODUCT_NAME = "$(TARGET_NAME)";
				SWIFT_VERSION = 5.0;
				TARGETED_DEVICE_FAMILY = "1,2";
				TEST_HOST = "$(BUILT_PRODUCTS_DIR)/AudioRecorder.app/AudioRecorder";
			};
			name = Release;
		};
		D8A9F09B2609436F00FD8969 /* Debug */ = {
			isa = XCBuildConfiguration;
			buildSettings = {
				CODE_SIGN_STYLE = Automatic;
				COMBINE_HIDPI_IMAGES = YES;
				CURRENT_PROJECT_VERSION = 1;
				DEFINES_MODULE = YES;
				DEVELOPMENT_TEAM = 3SNY4A7B39;
				DYLIB_COMPATIBILITY_VERSION = 1;
				DYLIB_CURRENT_VERSION = 1;
				DYLIB_INSTALL_NAME_BASE = "@rpath";
				INFOPLIST_FILE = Engine/Info.plist;
				INSTALL_PATH = "$(LOCAL_LIBRARY_DIR)/Frameworks";
				LD_RUNPATH_SEARCH_PATHS = (
					"$(inherited)",
					"@executable_path/../Frameworks",
					"@loader_path/Frameworks",
				);
				MACOSX_DEPLOYMENT_TARGET = 11.0;
				PRODUCT_BUNDLE_IDENTIFIER = com.viniciusLeal.Engine;
				PRODUCT_NAME = "$(TARGET_NAME:c99extidentifier)";
				SDKROOT = macosx;
				SKIP_INSTALL = YES;
				SWIFT_VERSION = 5.0;
				VERSIONING_SYSTEM = "apple-generic";
				VERSION_INFO_PREFIX = "";
			};
			name = Debug;
		};
		D8A9F09C2609436F00FD8969 /* Release */ = {
			isa = XCBuildConfiguration;
			buildSettings = {
				CODE_SIGN_STYLE = Automatic;
				COMBINE_HIDPI_IMAGES = YES;
				CURRENT_PROJECT_VERSION = 1;
				DEFINES_MODULE = YES;
				DEVELOPMENT_TEAM = 3SNY4A7B39;
				DYLIB_COMPATIBILITY_VERSION = 1;
				DYLIB_CURRENT_VERSION = 1;
				DYLIB_INSTALL_NAME_BASE = "@rpath";
				INFOPLIST_FILE = Engine/Info.plist;
				INSTALL_PATH = "$(LOCAL_LIBRARY_DIR)/Frameworks";
				LD_RUNPATH_SEARCH_PATHS = (
					"$(inherited)",
					"@executable_path/../Frameworks",
					"@loader_path/Frameworks",
				);
				MACOSX_DEPLOYMENT_TARGET = 11.0;
				PRODUCT_BUNDLE_IDENTIFIER = com.viniciusLeal.Engine;
				PRODUCT_NAME = "$(TARGET_NAME:c99extidentifier)";
				SDKROOT = macosx;
				SKIP_INSTALL = YES;
				SWIFT_VERSION = 5.0;
				VERSIONING_SYSTEM = "apple-generic";
				VERSION_INFO_PREFIX = "";
			};
			name = Release;
		};
		D8A9F09E2609436F00FD8969 /* Debug */ = {
			isa = XCBuildConfiguration;
			buildSettings = {
				CLANG_ENABLE_MODULES = YES;
				CODE_SIGN_STYLE = Automatic;
				COMBINE_HIDPI_IMAGES = YES;
				DEVELOPMENT_TEAM = 3SNY4A7B39;
				INFOPLIST_FILE = EngineTests/Info.plist;
				LD_RUNPATH_SEARCH_PATHS = (
					"$(inherited)",
					"@executable_path/../Frameworks",
					"@loader_path/../Frameworks",
				);
				MACOSX_DEPLOYMENT_TARGET = 11.0;
				PRODUCT_BUNDLE_IDENTIFIER = com.viniciusLeal.EngineTests;
				PRODUCT_NAME = "$(TARGET_NAME)";
				SDKROOT = macosx;
				SWIFT_OBJC_BRIDGING_HEADER = "EngineTests/EngineTests-Bridging-Header.h";
				SWIFT_OPTIMIZATION_LEVEL = "-Onone";
				SWIFT_VERSION = 5.0;
			};
			name = Debug;
		};
		D8A9F09F2609436F00FD8969 /* Release */ = {
			isa = XCBuildConfiguration;
			buildSettings = {
				CLANG_ENABLE_MODULES = YES;
				CODE_SIGN_STYLE = Automatic;
				COMBINE_HIDPI_IMAGES = YES;
				DEVELOPMENT_TEAM = 3SNY4A7B39;
				INFOPLIST_FILE = EngineTests/Info.plist;
				LD_RUNPATH_SEARCH_PATHS = (
					"$(inherited)",
					"@executable_path/../Frameworks",
					"@loader_path/../Frameworks",
				);
				MACOSX_DEPLOYMENT_TARGET = 11.0;
				PRODUCT_BUNDLE_IDENTIFIER = com.viniciusLeal.EngineTests;
				PRODUCT_NAME = "$(TARGET_NAME)";
				SDKROOT = macosx;
				SWIFT_OBJC_BRIDGING_HEADER = "EngineTests/EngineTests-Bridging-Header.h";
				SWIFT_VERSION = 5.0;
			};
			name = Release;
		};
/* End XCBuildConfiguration section */

/* Begin XCConfigurationList section */
		8FB658C122D9CE1F00CAD1D9 /* Build configuration list for PBXProject "AudioRecorder" */ = {
			isa = XCConfigurationList;
			buildConfigurations = (
				8FB658D622D9CE2100CAD1D9 /* Debug */,
				8FB658D722D9CE2100CAD1D9 /* Release */,
			);
			defaultConfigurationIsVisible = 0;
			defaultConfigurationName = Release;
		};
		8FB658D822D9CE2100CAD1D9 /* Build configuration list for PBXNativeTarget "AudioRecorder" */ = {
			isa = XCConfigurationList;
			buildConfigurations = (
				8FB658D922D9CE2100CAD1D9 /* Debug */,
				8FB658DA22D9CE2100CAD1D9 /* Release */,
			);
			defaultConfigurationIsVisible = 0;
			defaultConfigurationName = Release;
		};
		D80F3E8A260951650086BEBA /* Build configuration list for PBXNativeTarget "AudioRecorderTests" */ = {
			isa = XCConfigurationList;
			buildConfigurations = (
				D80F3E8B260951650086BEBA /* Debug */,
				D80F3E8C260951650086BEBA /* Release */,
			);
			defaultConfigurationIsVisible = 0;
			defaultConfigurationName = Release;
		};
		D8A9F09A2609436F00FD8969 /* Build configuration list for PBXNativeTarget "Engine" */ = {
			isa = XCConfigurationList;
			buildConfigurations = (
				D8A9F09B2609436F00FD8969 /* Debug */,
				D8A9F09C2609436F00FD8969 /* Release */,
			);
			defaultConfigurationIsVisible = 0;
			defaultConfigurationName = Release;
		};
		D8A9F09D2609436F00FD8969 /* Build configuration list for PBXNativeTarget "EngineTests" */ = {
			isa = XCConfigurationList;
			buildConfigurations = (
				D8A9F09E2609436F00FD8969 /* Debug */,
				D8A9F09F2609436F00FD8969 /* Release */,
			);
			defaultConfigurationIsVisible = 0;
			defaultConfigurationName = Release;
		};
/* End XCConfigurationList section */
	};
	rootObject = 8FB658BE22D9CE1F00CAD1D9 /* Project object */;
}
